
Microsoft Visual Studio Solution File, Format Version 12.00
# Visual Studio Version 16
VisualStudioVersion = 16.0.29521.150
MinimumVisualStudioVersion = 10.0.40219.1
Project("{FAE04EC0-301F-11D3-BF4B-00C04F79EFBC}") = "01 - Basic", "01 - Basic\01 - Basic.csproj", "{8E2B5471-D42E-407E-A36F-B33A06BEE802}"
EndProject
Project("{FAE04EC0-301F-11D3-BF4B-00C04F79EFBC}") = "02 - TreeView and Value Converters", "02 - TreeView and Value Converters\02 - TreeView and Value Converters.csproj", "{7AE37DC8-9ED2-4504-A114-5D22D26ED4F5}"
EndProject
Global
	GlobalSection(SolutionConfigurationPlatforms) = preSolution
		Debug|Any CPU = Debug|Any CPU
		Release|Any CPU = Release|Any CPU
	EndGlobalSection
	GlobalSection(ProjectConfigurationPlatforms) = postSolution
		{8E2B5471-D42E-407E-A36F-B33A06BEE802}.Debug|Any CPU.ActiveCfg = Debug|Any CPU
		{8E2B5471-D42E-407E-A36F-B33A06BEE802}.Debug|Any CPU.Build.0 = Debug|Any CPU
		{8E2B5471-D42E-407E-A36F-B33A06BEE802}.Release|Any CPU.ActiveCfg = Release|Any CPU
		{8E2B5471-D42E-407E-A36F-B33A06BEE802}.Release|Any CPU.Build.0 = Release|Any CPU
		{7AE37DC8-9ED2-4504-A114-5D22D26ED4F5}.Debug|Any CPU.ActiveCfg = Debug|Any CPU
		{7AE37DC8-9ED2-4504-A114-5D22D26ED4F5}.Debug|Any CPU.Build.0 = Debug|Any CPU
		{7AE37DC8-9ED2-4504-A114-5D22D26ED4F5}.Release|Any CPU.ActiveCfg = Release|Any CPU
		{7AE37DC8-9ED2-4504-A114-5D22D26ED4F5}.Release|Any CPU.Build.0 = Release|Any CPU
	EndGlobalSection
	GlobalSection(SolutionProperties) = preSolution
		HideSolutionNode = FALSE
	EndGlobalSection
	GlobalSection(ExtensibilityGlobals) = postSolution
		SolutionGuid = {4D9A28A1-C649-409E-B85D-A03985D1239A}
	EndGlobalSection
EndGlobal
